# THIS IS AN AUTOGENERATED FILE. DO NOT EDIT THIS FILE DIRECTLY.
# yarn lockfile v1


cldr-numbers-modern@^40.0:
  version "40.0.0"
  resolved "https://registry.yarnpkg.com/cldr-numbers-modern/-/cldr-numbers-modern-40.0.0.tgz#1b75c9af5e228f334b59409c6cd80661f9625861"
  integrity sha512-yOgq/bpZczT4tmYYpwSt2RRbUT9sJLsebct/F3g/0QsILEhoMp4yIYzVRt4Ze4FujVR5O9qROBomDOKuHi8kXQ==
