# THIS IS AN AUTOGENERATED FILE. DO NOT EDIT THIS FILE DIRECTLY.
# yarn lockfile v1


cldr-numbers-modern@^44.0:
  version "44.0.1"
  resolved "https://registry.yarnpkg.com/cldr-numbers-modern/-/cldr-numbers-modern-44.0.1.tgz#21c7da68b41012756a3826d0128137b55d182533"
  integrity sha512-kNG28gSHtNeVrvmqS09Kugte5w1HQOrX6z69RzYvNF28Y5RpRa+H5YLVHl8iytoa6t9C2birLaWt+sW0kH+aRA==

cldr-units-modern@^44.0:
  version "44.0.1"
  resolved "https://registry.yarnpkg.com/cldr-units-modern/-/cldr-units-modern-44.0.1.tgz#d7fb6dd5b5b3e44bfa5150716b6e24be7de46abf"
  integrity sha512-NMv31zxhumJD8Bqa+NxsiR10THiz0S90xpwAcOVvtS2LBcODssxqCyiAu/ebCW6hyQomQ2gJqtxljU+XZdFnnA==
